
Microsoft Visual Studio Solution File, Format Version 12.00
# Visual Studio Version 16
VisualStudioVersion = 25.0.1705.4
MinimumVisualStudioVersion = 10.0.40219.1
Project("{FAE04EC0-301F-11D3-BF4B-00C04F79EFBC}") = "caesarCipher", "caesarCipher.csproj", "{2619A190-7704-4BFF-899C-B984C1C2EC83}"
EndProject
Global
	GlobalSection(SolutionConfigurationPlatforms) = preSolution
		Debug|Any CPU = Debug|Any CPU
		Release|Any CPU = Release|Any CPU
	EndGlobalSection
	GlobalSection(ProjectConfigurationPlatforms) = postSolution
		{2619A190-7704-4BFF-899C-B984C1C2EC83}.Debug|Any CPU.ActiveCfg = Debug|Any CPU
		{2619A190-7704-4BFF-899C-B984C1C2EC83}.Debug|Any CPU.Build.0 = Debug|Any CPU
		{2619A190-7704-4BFF-899C-B984C1C2EC83}.Release|Any CPU.ActiveCfg = Release|Any CPU
		{2619A190-7704-4BFF-899C-B984C1C2EC83}.Release|Any CPU.Build.0 = Release|Any CPU
	EndGlobalSection
	GlobalSection(SolutionProperties) = preSolution
		HideSolutionNode = FALSE
	EndGlobalSection
	GlobalSection(ExtensibilityGlobals) = postSolution
		SolutionGuid = {01690773-35C7-4BE9-8203-2DD95232A292}
	EndGlobalSection
EndGlobal
