
Microsoft Visual Studio Solution File, Format Version 12.00
# Visual Studio Version 16
VisualStudioVersion = 25.0.1705.4
MinimumVisualStudioVersion = 10.0.40219.1
Project("{FAE04EC0-301F-11D3-BF4B-00C04F79EFBC}") = "passwordGenerator", "passwordGenerator.csproj", "{5179E41D-E968-4C66-8DE1-103656906A30}"
EndProject
Global
	GlobalSection(SolutionConfigurationPlatforms) = preSolution
		Debug|Any CPU = Debug|Any CPU
		Release|Any CPU = Release|Any CPU
	EndGlobalSection
	GlobalSection(ProjectConfigurationPlatforms) = postSolution
		{5179E41D-E968-4C66-8DE1-103656906A30}.Debug|Any CPU.ActiveCfg = Debug|Any CPU
		{5179E41D-E968-4C66-8DE1-103656906A30}.Debug|Any CPU.Build.0 = Debug|Any CPU
		{5179E41D-E968-4C66-8DE1-103656906A30}.Release|Any CPU.ActiveCfg = Release|Any CPU
		{5179E41D-E968-4C66-8DE1-103656906A30}.Release|Any CPU.Build.0 = Release|Any CPU
	EndGlobalSection
	GlobalSection(SolutionProperties) = preSolution
		HideSolutionNode = FALSE
	EndGlobalSection
	GlobalSection(ExtensibilityGlobals) = postSolution
		SolutionGuid = {C36B89BB-802A-44FA-9F53-6B0D025D850D}
	EndGlobalSection
EndGlobal
