
Microsoft Visual Studio Solution File, Format Version 12.00
# Visual Studio Version 16
VisualStudioVersion = 25.0.1705.4
MinimumVisualStudioVersion = 10.0.40219.1
Project("{FAE04EC0-301F-11D3-BF4B-00C04F79EFBC}") = "bandNameGenerator", "bandNameGenerator.csproj", "{461D93A5-C6C1-4A69-899E-0C5B2446D0E5}"
EndProject
Global
	GlobalSection(SolutionConfigurationPlatforms) = preSolution
		Debug|Any CPU = Debug|Any CPU
		Release|Any CPU = Release|Any CPU
	EndGlobalSection
	GlobalSection(ProjectConfigurationPlatforms) = postSolution
		{461D93A5-C6C1-4A69-899E-0C5B2446D0E5}.Debug|Any CPU.ActiveCfg = Debug|Any CPU
		{461D93A5-C6C1-4A69-899E-0C5B2446D0E5}.Debug|Any CPU.Build.0 = Debug|Any CPU
		{461D93A5-C6C1-4A69-899E-0C5B2446D0E5}.Release|Any CPU.ActiveCfg = Release|Any CPU
		{461D93A5-C6C1-4A69-899E-0C5B2446D0E5}.Release|Any CPU.Build.0 = Release|Any CPU
	EndGlobalSection
	GlobalSection(SolutionProperties) = preSolution
		HideSolutionNode = FALSE
	EndGlobalSection
	GlobalSection(ExtensibilityGlobals) = postSolution
		SolutionGuid = {F607A273-C0E2-4102-B4A4-7A64DB9F7335}
	EndGlobalSection
EndGlobal
